# This file is automatically @generated by Cargo.
# It is not intended for manual editing.
version = 4

[[package]]
name = "api"
version = "0.1.0"

[[package]]
name = "decoder"
version = "0.1.0"

[[package]]
name = "indexer"
version = "0.1.0"

[[package]]
name = "ingestion"
version = "0.1.0"

[[package]]
name = "rpc"
version = "0.1.0"

[[package]]
name = "storage"
version = "0.1.0"
